// !$*UTF8*$!
{
	archiveVersion = 1;
	classes = {
	};
	objectVersion = 50;
	objects = {

/* Begin PBXBuildFile section */
		D652C5A724911F99000FC445 /* AppDelegate.swift in Sources */ = {isa = PBXBuildFile; fileRef = D652C5A624911F99000FC445 /* AppDelegate.swift */; };
		D652C5A924911F99000FC445 /* SceneDelegate.swift in Sources */ = {isa = PBXBuildFile; fileRef = D652C5A824911F99000FC445 /* SceneDelegate.swift */; };
		D652C5AB24911F99000FC445 /* ViewController.swift in Sources */ = {isa = PBXBuildFile; fileRef = D652C5AA24911F99000FC445 /* ViewController.swift */; };
		D652C5AE24911F99000FC445 /* Main.storyboard in Resources */ = {isa = PBXBuildFile; fileRef = D652C5AC24911F99000FC445 /* Main.storyboard */; };
		D652C5B024911F9D000FC445 /* Assets.xcassets in Resources */ = {isa = PBXBuildFile; fileRef = D652C5AF24911F9D000FC445 /* Assets.xcassets */; };
		D652C5B324911F9D000FC445 /* LaunchScreen.storyboard in Resources */ = {isa = PBXBuildFile; fileRef = D652C5B124911F9D000FC445 /* LaunchScreen.storyboard */; };
		D652C5BB24911FCC000FC445 /* PuzzleView.swift in Sources */ = {isa = PBXBuildFile; fileRef = D652C5BA24911FCC000FC445 /* PuzzleView.swift */; };
		D652C5BE24913D3A000FC445 /* NumberRelation.swift in Sources */ = {isa = PBXBuildFile; fileRef = D652C5BD24913D3A000FC445 /* NumberRelation.swift */; };
/* End PBXBuildFile section */

/* Begin PBXFileReference section */
		D652C5A324911F99000FC445 /* Nonograms.app */ = {isa = PBXFileReference; explicitFileType = wrapper.application; includeInIndex = 0; path = Nonograms.app; sourceTree = BUILT_PRODUCTS_DIR; };
		D652C5A624911F99000FC445 /* AppDelegate.swift */ = {isa = PBXFileReference; lastKnownFileType = sourcecode.swift; path = AppDelegate.swift; sourceTree = "<group>"; };
		D652C5A824911F99000FC445 /* SceneDelegate.swift */ = {isa = PBXFileReference; lastKnownFileType = sourcecode.swift; path = SceneDelegate.swift; sourceTree = "<group>"; };
		D652C5AA24911F99000FC445 /* ViewController.swift */ = {isa = PBXFileReference; lastKnownFileType = sourcecode.swift; path = ViewController.swift; sourceTree = "<group>"; };
		D652C5AD24911F99000FC445 /* Base */ = {isa = PBXFileReference; lastKnownFileType = file.storyboard; name = Base; path = Base.lproj/Main.storyboard; sourceTree = "<group>"; };
		D652C5AF24911F9D000FC445 /* Assets.xcassets */ = {isa = PBXFileReference; lastKnownFileType = folder.assetcatalog; path = Assets.xcassets; sourceTree = "<group>"; };
		D652C5B224911F9D000FC445 /* Base */ = {isa = PBXFileReference; lastKnownFileType = file.storyboard; name = Base; path = Base.lproj/LaunchScreen.storyboard; sourceTree = "<group>"; };
		D652C5B424911F9D000FC445 /* Info.plist */ = {isa = PBXFileReference; lastKnownFileType = text.plist.xml; path = Info.plist; sourceTree = "<group>"; };
		D652C5BA24911FCC000FC445 /* PuzzleView.swift */ = {isa = PBXFileReference; lastKnownFileType = sourcecode.swift; path = PuzzleView.swift; sourceTree = "<group>"; };
		D652C5BD24913D3A000FC445 /* NumberRelation.swift */ = {isa = PBXFileReference; lastKnownFileType = sourcecode.swift; path = NumberRelation.swift; sourceTree = "<group>"; };
/* End PBXFileReference section */

/* Begin PBXFrameworksBuildPhase section */
		D652C5A024911F99000FC445 /* Frameworks */ = {
			isa = PBXFrameworksBuildPhase;
			buildActionMask = 2147483647;
			files = (
			);
			runOnlyForDeploymentPostprocessing = 0;
		};
/* End PBXFrameworksBuildPhase section */

/* Begin PBXGroup section */
		D652C59A24911F99000FC445 = {
			isa = PBXGroup;
			children = (
				D652C5A524911F99000FC445 /* Nonograms */,
				D652C5A424911F99000FC445 /* Products */,
			);
			sourceTree = "<group>";
		};
		D652C5A424911F99000FC445 /* Products */ = {
			isa = PBXGroup;
			children = (
				D652C5A324911F99000FC445 /* Nonograms.app */,
			);
			name = Products;
			sourceTree = "<group>";
		};
		D652C5A524911F99000FC445 /* Nonograms */ = {
			isa = PBXGroup;
			children = (
				D652C5BC24913D19000FC445 /* Utils and Extensions */,
				D652C5A624911F99000FC445 /* AppDelegate.swift */,
				D652C5A824911F99000FC445 /* SceneDelegate.swift */,
				D652C5AA24911F99000FC445 /* ViewController.swift */,
				D652C5BA24911FCC000FC445 /* PuzzleView.swift */,
				D652C5AC24911F99000FC445 /* Main.storyboard */,
				D652C5AF24911F9D000FC445 /* Assets.xcassets */,
				D652C5B124911F9D000FC445 /* LaunchScreen.storyboard */,
				D652C5B424911F9D000FC445 /* Info.plist */,
			);
			path = Nonograms;
			sourceTree = "<group>";
		};
		D652C5BC24913D19000FC445 /* Utils and Extensions */ = {
			isa = PBXGroup;
			children = (
				D652C5BD24913D3A000FC445 /* NumberRelation.swift */,
			);
			path = "Utils and Extensions";
			sourceTree = "<group>";
		};
/* End PBXGroup section */

/* Begin PBXNativeTarget section */
		D652C5A224911F99000FC445 /* Nonograms */ = {
			isa = PBXNativeTarget;
			buildConfigurationList = D652C5B724911F9D000FC445 /* Build configuration list for PBXNativeTarget "Nonograms" */;
			buildPhases = (
				D652C59F24911F99000FC445 /* Sources */,
				D652C5A024911F99000FC445 /* Frameworks */,
				D652C5A124911F99000FC445 /* Resources */,
			);
			buildRules = (
			);
			dependencies = (
			);
			name = Nonograms;
			productName = Nonograms;
			productReference = D652C5A324911F99000FC445 /* Nonograms.app */;
			productType = "com.apple.product-type.application";
		};
/* End PBXNativeTarget section */

/* Begin PBXProject section */
		D652C59B24911F99000FC445 /* Project object */ = {
			isa = PBXProject;
			attributes = {
				LastSwiftUpdateCheck = 1140;
				LastUpgradeCheck = 1140;
				ORGANIZATIONNAME = "Samantha Gatt";
				TargetAttributes = {
					D652C5A224911F99000FC445 = {
						CreatedOnToolsVersion = 11.4.1;
					};
				};
			};
			buildConfigurationList = D652C59E24911F99000FC445 /* Build configuration list for PBXProject "Nonograms" */;
			compatibilityVersion = "Xcode 9.3";
			developmentRegion = en;
			hasScannedForEncodings = 0;
			knownRegions = (
				en,
				Base,
			);
			mainGroup = D652C59A24911F99000FC445;
			productRefGroup = D652C5A424911F99000FC445 /* Products */;
			projectDirPath = "";
			projectRoot = "";
			targets = (
				D652C5A224911F99000FC445 /* Nonograms */,
			);
		};
/* End PBXProject section */

/* Begin PBXResourcesBuildPhase section */
		D652C5A124911F99000FC445 /* Resources */ = {
			isa = PBXResourcesBuildPhase;
			buildActionMask = 2147483647;
			files = (
				D652C5B324911F9D000FC445 /* LaunchScreen.storyboard in Resources */,
				D652C5B024911F9D000FC445 /* Assets.xcassets in Resources */,
				D652C5AE24911F99000FC445 /* Main.storyboard in Resources */,
			);
			runOnlyForDeploymentPostprocessing = 0;
		};
/* End PBXResourcesBuildPhase section */

/* Begin PBXSourcesBuildPhase section */
		D652C59F24911F99000FC445 /* Sources */ = {
			isa = PBXSourcesBuildPhase;
			buildActionMask = 2147483647;
			files = (
				D652C5BB24911FCC000FC445 /* PuzzleView.swift in Sources */,
				D652C5AB24911F99000FC445 /* ViewController.swift in Sources */,
				D652C5BE24913D3A000FC445 /* NumberRelation.swift in Sources */,
				D652C5A724911F99000FC445 /* AppDelegate.swift in Sources */,
				D652C5A924911F99000FC445 /* SceneDelegate.swift in Sources */,
			);
			runOnlyForDeploymentPostprocessing = 0;
		};
/* End PBXSourcesBuildPhase section */

/* Begin PBXVariantGroup section */
		D652C5AC24911F99000FC445 /* Main.storyboard */ = {
			isa = PBXVariantGroup;
			children = (
				D652C5AD24911F99000FC445 /* Base */,
			);
			name = Main.storyboard;
			sourceTree = "<group>";
		};
		D652C5B124911F9D000FC445 /* LaunchScreen.storyboard */ = {
			isa = PBXVariantGroup;
			children = (
				D652C5B224911F9D000FC445 /* Base */,
			);
			name = LaunchScreen.storyboard;
			sourceTree = "<group>";
		};
/* End PBXVariantGroup section */

/* Begin XCBuildConfiguration section */
		D652C5B524911F9D000FC445 /* Debug */ = {
			isa = XCBuildConfiguration;
			buildSettings = {
				ALWAYS_SEARCH_USER_PATHS = NO;
				CLANG_ANALYZER_NONNULL = YES;
				CLANG_ANALYZER_NUMBER_OBJECT_CONVERSION = YES_AGGRESSIVE;
				CLANG_CXX_LANGUAGE_STANDARD = "gnu++14";
				CLANG_CXX_LIBRARY = "libc++";
				CLANG_ENABLE_MODULES = YES;
				CLANG_ENABLE_OBJC_ARC = YES;
				CLANG_ENABLE_OBJC_WEAK = YES;
				CLANG_WARN_BLOCK_CAPTURE_AUTORELEASING = YES;
				CLANG_WARN_BOOL_CONVERSION = YES;
				CLANG_WARN_COMMA = YES;
				CLANG_WARN_CONSTANT_CONVERSION = YES;
				CLANG_WARN_DEPRECATED_OBJC_IMPLEMENTATIONS = YES;
				CLANG_WARN_DIRECT_OBJC_ISA_USAGE = YES_ERROR;
				CLANG_WARN_DOCUMENTATION_COMMENTS = YES;
				CLANG_WARN_EMPTY_BODY = YES;
				CLANG_WARN_ENUM_CONVERSION = YES;
				CLANG_WARN_INFINITE_RECURSION = YES;
				CLANG_WARN_INT_CONVERSION = YES;
				CLANG_WARN_NON_LITERAL_NULL_CONVERSION = YES;
				CLANG_WARN_OBJC_IMPLICIT_RETAIN_SELF = YES;
				CLANG_WARN_OBJC_LITERAL_CONVERSION = YES;
				CLANG_WARN_OBJC_ROOT_CLASS = YES_ERROR;
				CLANG_WARN_RANGE_LOOP_ANALYSIS = YES;
				CLANG_WARN_STRICT_PROTOTYPES = YES;
				CLANG_WARN_SUSPICIOUS_MOVE = YES;
				CLANG_WARN_UNGUARDED_AVAILABILITY = YES_AGGRESSIVE;
				CLANG_WARN_UNREACHABLE_CODE = YES;
				CLANG_WARN__DUPLICATE_METHOD_MATCH = YES;
				COPY_PHASE_STRIP = NO;
				DEBUG_INFORMATION_FORMAT = dwarf;
				ENABLE_STRICT_OBJC_MSGSEND = YES;
				ENABLE_TESTABILITY = YES;
				GCC_C_LANGUAGE_STANDARD = gnu11;
				GCC_DYNAMIC_NO_PIC = NO;
				GCC_NO_COMMON_BLOCKS = YES;
				GCC_OPTIMIZATION_LEVEL = 0;
				GCC_PREPROCESSOR_DEFINITIONS = (
					"DEBUG=1",
					"$(inherited)",
				);
				GCC_WARN_64_TO_32_BIT_CONVERSION = YES;
				GCC_WARN_ABOUT_RETURN_TYPE = YES_ERROR;
				GCC_WARN_UNDECLARED_SELECTOR = YES;
				GCC_WARN_UNINITIALIZED_AUTOS = YES_AGGRESSIVE;
				GCC_WARN_UNUSED_FUNCTION = YES;
				GCC_WARN_UNUSED_VARIABLE = YES;
				IPHONEOS_DEPLOYMENT_TARGET = 13.4;
				MTL_ENABLE_DEBUG_INFO = INCLUDE_SOURCE;
				MTL_FAST_MATH = YES;
				ONLY_ACTIVE_ARCH = YES;
				SDKROOT = iphoneos;
				SWIFT_ACTIVE_COMPILATION_CONDITIONS = DEBUG;
				SWIFT_OPTIMIZATION_LEVEL = "-Onone";
			};
			name = Debug;
		};
		D652C5B624911F9D000FC445 /* Release */ = {
			isa = XCBuildConfiguration;
			buildSettings = {
				ALWAYS_SEARCH_USER_PATHS = NO;
				CLANG_ANALYZER_NONNULL = YES;
				CLANG_ANALYZER_NUMBER_OBJECT_CONVERSION = YES_AGGRESSIVE;
				CLANG_CXX_LANGUAGE_STANDARD = "gnu++14";
				CLANG_CXX_LIBRARY = "libc++";
				CLANG_ENABLE_MODULES = YES;
				CLANG_ENABLE_OBJC_ARC = YES;
				CLANG_ENABLE_OBJC_WEAK = YES;
				CLANG_WARN_BLOCK_CAPTURE_AUTORELEASING = YES;
				CLANG_WARN_BOOL_CONVERSION = YES;
				CLANG_WARN_COMMA = YES;
				CLANG_WARN_CONSTANT_CONVERSION = YES;
				CLANG_WARN_DEPRECATED_OBJC_IMPLEMENTATIONS = YES;
				CLANG_WARN_DIRECT_OBJC_ISA_USAGE = YES_ERROR;
				CLANG_WARN_DOCUMENTATION_COMMENTS = YES;
				CLANG_WARN_EMPTY_BODY = YES;
				CLANG_WARN_ENUM_CONVERSION = YES;
				CLANG_WARN_INFINITE_RECURSION = YES;
				CLANG_WARN_INT_CONVERSION = YES;
				CLANG_WARN_NON_LITERAL_NULL_CONVERSION = YES;
				CLANG_WARN_OBJC_IMPLICIT_RETAIN_SELF = YES;
				CLANG_WARN_OBJC_LITERAL_CONVERSION = YES;
				CLANG_WARN_OBJC_ROOT_CLASS = YES_ERROR;
				CLANG_WARN_RANGE_LOOP_ANALYSIS = YES;
				CLANG_WARN_STRICT_PROTOTYPES = YES;
				CLANG_WARN_SUSPICIOUS_MOVE = YES;
				CLANG_WARN_UNGUARDED_AVAILABILITY = YES_AGGRESSIVE;
				CLANG_WARN_UNREACHABLE_CODE = YES;
				CLANG_WARN__DUPLICATE_METHOD_MATCH = YES;
				COPY_PHASE_STRIP = NO;
				DEBUG_INFORMATION_FORMAT = "dwarf-with-dsym";
				ENABLE_NS_ASSERTIONS = NO;
				ENABLE_STRICT_OBJC_MSGSEND = YES;
				GCC_C_LANGUAGE_STANDARD = gnu11;
				GCC_NO_COMMON_BLOCKS = YES;
				GCC_WARN_64_TO_32_BIT_CONVERSION = YES;
				GCC_WARN_ABOUT_RETURN_TYPE = YES_ERROR;
				GCC_WARN_UNDECLARED_SELECTOR = YES;
				GCC_WARN_UNINITIALIZED_AUTOS = YES_AGGRESSIVE;
				GCC_WARN_UNUSED_FUNCTION = YES;
				GCC_WARN_UNUSED_VARIABLE = YES;
				IPHONEOS_DEPLOYMENT_TARGET = 13.4;
				MTL_ENABLE_DEBUG_INFO = NO;
				MTL_FAST_MATH = YES;
				SDKROOT = iphoneos;
				SWIFT_COMPILATION_MODE = wholemodule;
				SWIFT_OPTIMIZATION_LEVEL = "-O";
				VALIDATE_PRODUCT = YES;
			};
			name = Release;
		};
		D652C5B824911F9D000FC445 /* Debug */ = {
			isa = XCBuildConfiguration;
			buildSettings = {
				ASSETCATALOG_COMPILER_APPICON_NAME = AppIcon;
				CODE_SIGN_STYLE = Automatic;
				DEVELOPMENT_TEAM = 84AK8SAYG2;
				INFOPLIST_FILE = Nonograms/Info.plist;
				LD_RUNPATH_SEARCH_PATHS = (
					"$(inherited)",
					"@executable_path/Frameworks",
				);
				PRODUCT_BUNDLE_IDENTIFIER = com.samanthagatt.Nonograms;
				PRODUCT_NAME = "$(TARGET_NAME)";
				SWIFT_VERSION = 5.0;
				TARGETED_DEVICE_FAMILY = "1,2";
			};
			name = Debug;
		};
		D652C5B924911F9D000FC445 /* Release */ = {
			isa = XCBuildConfiguration;
			buildSettings = {
				ASSETCATALOG_COMPILER_APPICON_NAME = AppIcon;
				CODE_SIGN_STYLE = Automatic;
				DEVELOPMENT_TEAM = 84AK8SAYG2;
				INFOPLIST_FILE = Nonograms/Info.plist;
				LD_RUNPATH_SEARCH_PATHS = (
					"$(inherited)",
					"@executable_path/Frameworks",
				);
				PRODUCT_BUNDLE_IDENTIFIER = com.samanthagatt.Nonograms;
				PRODUCT_NAME = "$(TARGET_NAME)";
				SWIFT_VERSION = 5.0;
				TARGETED_DEVICE_FAMILY = "1,2";
			};
			name = Release;
		};
/* End XCBuildConfiguration section */

/* Begin XCConfigurationList section */
		D652C59E24911F99000FC445 /* Build configuration list for PBXProject "Nonograms" */ = {
			isa = XCConfigurationList;
			buildConfigurations = (
				D652C5B524911F9D000FC445 /* Debug */,
				D652C5B624911F9D000FC445 /* Release */,
			);
			defaultConfigurationIsVisible = 0;
			defaultConfigurationName = Release;
		};
		D652C5B724911F9D000FC445 /* Build configuration list for PBXNativeTarget "Nonograms" */ = {
			isa = XCConfigurationList;
			buildConfigurations = (
				D652C5B824911F9D000FC445 /* Debug */,
				D652C5B924911F9D000FC445 /* Release */,
			);
			defaultConfigurationIsVisible = 0;
			defaultConfigurationName = Release;
		};
/* End XCConfigurationList section */
	};
	rootObject = D652C59B24911F99000FC445 /* Project object */;
}
