// !$*UTF8*$!
{
	archiveVersion = 1;
	classes = {
	};
	objectVersion = 50;
	objects = {

/* Begin PBXBuildFile section */
		D623179A24C08D39005F13F1 /* UIView+asImage.swift in Sources */ = {isa = PBXBuildFile; fileRef = D623179924C08D39005F13F1 /* UIView+asImage.swift */; };
		D623179D24C0972D005F13F1 /* UIView+addSubViews.swift in Sources */ = {isa = PBXBuildFile; fileRef = D623179C24C0972D005F13F1 /* UIView+addSubViews.swift */; };
		D62849EE24927DF60053F7D6 /* PuzzleValidator.swift in Sources */ = {isa = PBXBuildFile; fileRef = D62849ED24927DF60053F7D6 /* PuzzleValidator.swift */; };
		D62849F0249286520053F7D6 /* FixedLengthArray.swift in Sources */ = {isa = PBXBuildFile; fileRef = D62849EF249286520053F7D6 /* FixedLengthArray.swift */; };
		D62849F22492892F0053F7D6 /* PuzzleClues.swift in Sources */ = {isa = PBXBuildFile; fileRef = D62849F12492892F0053F7D6 /* PuzzleClues.swift */; };
		D62849F42492AD510053F7D6 /* PuzzleSquare.swift in Sources */ = {isa = PBXBuildFile; fileRef = D62849F32492AD510053F7D6 /* PuzzleSquare.swift */; };
		D62849F62492F96E0053F7D6 /* Set+Toggle.swift in Sources */ = {isa = PBXBuildFile; fileRef = D62849F52492F96E0053F7D6 /* Set+Toggle.swift */; };
		D631598924BE22D600CCCCC9 /* puzzleData.json in Resources */ = {isa = PBXBuildFile; fileRef = D631598824BE22D600CCCCC9 /* puzzleData.json */; };
		D631598B24BE3A7200CCCCC9 /* MutableCollection+MapInPlace.swift in Sources */ = {isa = PBXBuildFile; fileRef = D631598A24BE3A7200CCCCC9 /* MutableCollection+MapInPlace.swift */; };
		D652C5A724911F99000FC445 /* AppDelegate.swift in Sources */ = {isa = PBXBuildFile; fileRef = D652C5A624911F99000FC445 /* AppDelegate.swift */; };
		D652C5A924911F99000FC445 /* SceneDelegate.swift in Sources */ = {isa = PBXBuildFile; fileRef = D652C5A824911F99000FC445 /* SceneDelegate.swift */; };
		D652C5AB24911F99000FC445 /* PuzzleViewController.swift in Sources */ = {isa = PBXBuildFile; fileRef = D652C5AA24911F99000FC445 /* PuzzleViewController.swift */; };
		D652C5AE24911F99000FC445 /* Puzzle.storyboard in Resources */ = {isa = PBXBuildFile; fileRef = D652C5AC24911F99000FC445 /* Puzzle.storyboard */; };
		D652C5B024911F9D000FC445 /* Assets.xcassets in Resources */ = {isa = PBXBuildFile; fileRef = D652C5AF24911F9D000FC445 /* Assets.xcassets */; };
		D652C5B324911F9D000FC445 /* LaunchScreen.storyboard in Resources */ = {isa = PBXBuildFile; fileRef = D652C5B124911F9D000FC445 /* LaunchScreen.storyboard */; };
		D652C5BB24911FCC000FC445 /* PuzzleView.swift in Sources */ = {isa = PBXBuildFile; fileRef = D652C5BA24911FCC000FC445 /* PuzzleView.swift */; };
		D6822FEC249E6016002764E8 /* PuzzleList.storyboard in Resources */ = {isa = PBXBuildFile; fileRef = D6822FEB249E6016002764E8 /* PuzzleList.storyboard */; };
		D6822FF0249E6325002764E8 /* PuzzleListViewController.swift in Sources */ = {isa = PBXBuildFile; fileRef = D6822FEF249E6325002764E8 /* PuzzleListViewController.swift */; };
		D6822FF3249E63DC002764E8 /* PuzzleListDataSource.swift in Sources */ = {isa = PBXBuildFile; fileRef = D6822FF2249E63DC002764E8 /* PuzzleListDataSource.swift */; };
		D6822FF5249E64FE002764E8 /* PuzzleListCell.swift in Sources */ = {isa = PBXBuildFile; fileRef = D6822FF4249E64FE002764E8 /* PuzzleListCell.swift */; };
		D6822FF924A2D8F3002764E8 /* CreatePuzzle.storyboard in Resources */ = {isa = PBXBuildFile; fileRef = D6822FF824A2D8F3002764E8 /* CreatePuzzle.storyboard */; };
		D6822FFC24A2DC7C002764E8 /* CreatePuzzleViewController.swift in Sources */ = {isa = PBXBuildFile; fileRef = D6822FFB24A2DC7C002764E8 /* CreatePuzzleViewController.swift */; };
		D6832B7B24A50BDB00DDC90D /* TextStyle.swift in Sources */ = {isa = PBXBuildFile; fileRef = D6832B7A24A50BDB00DDC90D /* TextStyle.swift */; };
		D68C2BB124A2EC8000270031 /* PuzzleMaker.swift in Sources */ = {isa = PBXBuildFile; fileRef = D68C2BB024A2EC8000270031 /* PuzzleMaker.swift */; };
		D68C2BBA24A5056000270031 /* AccessibleLabel.swift in Sources */ = {isa = PBXBuildFile; fileRef = D68C2BB924A5056000270031 /* AccessibleLabel.swift */; };
		D68C2BBC24A5085300270031 /* AccessibleButton.swift in Sources */ = {isa = PBXBuildFile; fileRef = D68C2BBB24A5085300270031 /* AccessibleButton.swift */; };
		D696868E24C099C000888D7B /* UIStackView+convenienceInit.swift in Sources */ = {isa = PBXBuildFile; fileRef = D696868D24C099C000888D7B /* UIStackView+convenienceInit.swift */; };
		D696869224C22C1E00888D7B /* Home.storyboard in Resources */ = {isa = PBXBuildFile; fileRef = D696869124C22C1E00888D7B /* Home.storyboard */; };
		D696869424C359E600888D7B /* PuzzleSquareFillState.swift in Sources */ = {isa = PBXBuildFile; fileRef = D696869324C359E600888D7B /* PuzzleSquareFillState.swift */; };
		D696869624C383DD00888D7B /* HomeViewController.swift in Sources */ = {isa = PBXBuildFile; fileRef = D696869524C383DC00888D7B /* HomeViewController.swift */; };
		D696869824C3845D00888D7B /* HomeCollectionViewHeader.swift in Sources */ = {isa = PBXBuildFile; fileRef = D696869724C3845D00888D7B /* HomeCollectionViewHeader.swift */; };
		D696869A24C3891D00888D7B /* HomeCollectionViewFlowLayout.swift in Sources */ = {isa = PBXBuildFile; fileRef = D696869924C3891D00888D7B /* HomeCollectionViewFlowLayout.swift */; };
		D696869C24C3892B00888D7B /* HomeCollectionViewDataSource.swift in Sources */ = {isa = PBXBuildFile; fileRef = D696869B24C3892B00888D7B /* HomeCollectionViewDataSource.swift */; };
		D69686A024C3A49C00888D7B /* SquovalButton.swift in Sources */ = {isa = PBXBuildFile; fileRef = D696869F24C3A49C00888D7B /* SquovalButton.swift */; };
		D69686A224C4927600888D7B /* MonoLabel.swift in Sources */ = {isa = PBXBuildFile; fileRef = D69686A124C4927600888D7B /* MonoLabel.swift */; };
		D69686A424C4DCEE00888D7B /* Dictionary+TupleKey.swift in Sources */ = {isa = PBXBuildFile; fileRef = D69686A324C4DCEE00888D7B /* Dictionary+TupleKey.swift */; };
		D69686A624C5E9B100888D7B /* HomeCollectionViewDelegate.swift in Sources */ = {isa = PBXBuildFile; fileRef = D69686A524C5E9B100888D7B /* HomeCollectionViewDelegate.swift */; };
		D69686A824C664AF00888D7B /* UILabel+HeightAndWidth.swift in Sources */ = {isa = PBXBuildFile; fileRef = D69686A724C664AE00888D7B /* UILabel+HeightAndWidth.swift */; };
		D69686AA24C6707300888D7B /* PuzzleLoader.swift in Sources */ = {isa = PBXBuildFile; fileRef = D69686A924C6707200888D7B /* PuzzleLoader.swift */; };
		D69686AF24C79B0400888D7B /* PuzzleData.swift in Sources */ = {isa = PBXBuildFile; fileRef = D69686AE24C79B0400888D7B /* PuzzleData.swift */; };
		D6FCA20824BF7A2F007E73EC /* Notification+Names.swift in Sources */ = {isa = PBXBuildFile; fileRef = D6FCA20724BF7A2F007E73EC /* Notification+Names.swift */; };
		D6FCA20A24BF7D0A007E73EC /* UIViewController+alert.swift in Sources */ = {isa = PBXBuildFile; fileRef = D6FCA20924BF7D0A007E73EC /* UIViewController+alert.swift */; };
		D6FCA20C24BF842E007E73EC /* BackNavButton.swift in Sources */ = {isa = PBXBuildFile; fileRef = D6FCA20B24BF842E007E73EC /* BackNavButton.swift */; };
		D6FCA20E24BF84EE007E73EC /* UIViewController+setBackNavButton.swift in Sources */ = {isa = PBXBuildFile; fileRef = D6FCA20D24BF84EE007E73EC /* UIViewController+setBackNavButton.swift */; };
/* End PBXBuildFile section */

/* Begin PBXFileReference section */
		D623179924C08D39005F13F1 /* UIView+asImage.swift */ = {isa = PBXFileReference; lastKnownFileType = sourcecode.swift; path = "UIView+asImage.swift"; sourceTree = "<group>"; };
		D623179C24C0972D005F13F1 /* UIView+addSubViews.swift */ = {isa = PBXFileReference; lastKnownFileType = sourcecode.swift; path = "UIView+addSubViews.swift"; sourceTree = "<group>"; };
		D62849ED24927DF60053F7D6 /* PuzzleValidator.swift */ = {isa = PBXFileReference; lastKnownFileType = sourcecode.swift; path = PuzzleValidator.swift; sourceTree = "<group>"; };
		D62849EF249286520053F7D6 /* FixedLengthArray.swift */ = {isa = PBXFileReference; lastKnownFileType = sourcecode.swift; path = FixedLengthArray.swift; sourceTree = "<group>"; };
		D62849F12492892F0053F7D6 /* PuzzleClues.swift */ = {isa = PBXFileReference; lastKnownFileType = sourcecode.swift; path = PuzzleClues.swift; sourceTree = "<group>"; };
		D62849F32492AD510053F7D6 /* PuzzleSquare.swift */ = {isa = PBXFileReference; lastKnownFileType = sourcecode.swift; path = PuzzleSquare.swift; sourceTree = "<group>"; };
		D62849F52492F96E0053F7D6 /* Set+Toggle.swift */ = {isa = PBXFileReference; lastKnownFileType = sourcecode.swift; path = "Set+Toggle.swift"; sourceTree = "<group>"; };
		D631598824BE22D600CCCCC9 /* puzzleData.json */ = {isa = PBXFileReference; fileEncoding = 4; lastKnownFileType = text.json; path = puzzleData.json; sourceTree = "<group>"; };
		D631598A24BE3A7200CCCCC9 /* MutableCollection+MapInPlace.swift */ = {isa = PBXFileReference; lastKnownFileType = sourcecode.swift; path = "MutableCollection+MapInPlace.swift"; sourceTree = "<group>"; };
		D652C5A324911F99000FC445 /* Paint a Pic.app */ = {isa = PBXFileReference; explicitFileType = wrapper.application; includeInIndex = 0; path = "Paint a Pic.app"; sourceTree = BUILT_PRODUCTS_DIR; };
		D652C5A624911F99000FC445 /* AppDelegate.swift */ = {isa = PBXFileReference; lastKnownFileType = sourcecode.swift; path = AppDelegate.swift; sourceTree = "<group>"; };
		D652C5A824911F99000FC445 /* SceneDelegate.swift */ = {isa = PBXFileReference; lastKnownFileType = sourcecode.swift; path = SceneDelegate.swift; sourceTree = "<group>"; };
		D652C5AA24911F99000FC445 /* PuzzleViewController.swift */ = {isa = PBXFileReference; lastKnownFileType = sourcecode.swift; path = PuzzleViewController.swift; sourceTree = "<group>"; };
		D652C5AD24911F99000FC445 /* Base */ = {isa = PBXFileReference; lastKnownFileType = file.storyboard; name = Base; path = Base.lproj/Puzzle.storyboard; sourceTree = "<group>"; };
		D652C5AF24911F9D000FC445 /* Assets.xcassets */ = {isa = PBXFileReference; lastKnownFileType = folder.assetcatalog; path = Assets.xcassets; sourceTree = "<group>"; };
		D652C5B224911F9D000FC445 /* Base */ = {isa = PBXFileReference; lastKnownFileType = file.storyboard; name = Base; path = Base.lproj/LaunchScreen.storyboard; sourceTree = "<group>"; };
		D652C5B424911F9D000FC445 /* Info.plist */ = {isa = PBXFileReference; lastKnownFileType = text.plist.xml; path = Info.plist; sourceTree = "<group>"; };
		D652C5BA24911FCC000FC445 /* PuzzleView.swift */ = {isa = PBXFileReference; lastKnownFileType = sourcecode.swift; path = PuzzleView.swift; sourceTree = "<group>"; };
		D6822FEB249E6016002764E8 /* PuzzleList.storyboard */ = {isa = PBXFileReference; lastKnownFileType = file.storyboard; path = PuzzleList.storyboard; sourceTree = "<group>"; };
		D6822FEF249E6325002764E8 /* PuzzleListViewController.swift */ = {isa = PBXFileReference; lastKnownFileType = sourcecode.swift; path = PuzzleListViewController.swift; sourceTree = "<group>"; };
		D6822FF2249E63DC002764E8 /* PuzzleListDataSource.swift */ = {isa = PBXFileReference; lastKnownFileType = sourcecode.swift; path = PuzzleListDataSource.swift; sourceTree = "<group>"; };
		D6822FF4249E64FE002764E8 /* PuzzleListCell.swift */ = {isa = PBXFileReference; lastKnownFileType = sourcecode.swift; path = PuzzleListCell.swift; sourceTree = "<group>"; };
		D6822FF824A2D8F3002764E8 /* CreatePuzzle.storyboard */ = {isa = PBXFileReference; lastKnownFileType = file.storyboard; path = CreatePuzzle.storyboard; sourceTree = "<group>"; };
		D6822FFB24A2DC7C002764E8 /* CreatePuzzleViewController.swift */ = {isa = PBXFileReference; lastKnownFileType = sourcecode.swift; path = CreatePuzzleViewController.swift; sourceTree = "<group>"; };
		D6832B7A24A50BDB00DDC90D /* TextStyle.swift */ = {isa = PBXFileReference; lastKnownFileType = sourcecode.swift; path = TextStyle.swift; sourceTree = "<group>"; };
		D68C2BB024A2EC8000270031 /* PuzzleMaker.swift */ = {isa = PBXFileReference; lastKnownFileType = sourcecode.swift; path = PuzzleMaker.swift; sourceTree = "<group>"; };
		D68C2BB924A5056000270031 /* AccessibleLabel.swift */ = {isa = PBXFileReference; lastKnownFileType = sourcecode.swift; path = AccessibleLabel.swift; sourceTree = "<group>"; };
		D68C2BBB24A5085300270031 /* AccessibleButton.swift */ = {isa = PBXFileReference; lastKnownFileType = sourcecode.swift; path = AccessibleButton.swift; sourceTree = "<group>"; };
		D696868D24C099C000888D7B /* UIStackView+convenienceInit.swift */ = {isa = PBXFileReference; lastKnownFileType = sourcecode.swift; path = "UIStackView+convenienceInit.swift"; sourceTree = "<group>"; };
		D696869124C22C1E00888D7B /* Home.storyboard */ = {isa = PBXFileReference; lastKnownFileType = file.storyboard; path = Home.storyboard; sourceTree = "<group>"; };
		D696869324C359E600888D7B /* PuzzleSquareFillState.swift */ = {isa = PBXFileReference; lastKnownFileType = sourcecode.swift; path = PuzzleSquareFillState.swift; sourceTree = "<group>"; };
		D696869524C383DC00888D7B /* HomeViewController.swift */ = {isa = PBXFileReference; lastKnownFileType = sourcecode.swift; path = HomeViewController.swift; sourceTree = "<group>"; };
		D696869724C3845D00888D7B /* HomeCollectionViewHeader.swift */ = {isa = PBXFileReference; lastKnownFileType = sourcecode.swift; path = HomeCollectionViewHeader.swift; sourceTree = "<group>"; };
		D696869924C3891D00888D7B /* HomeCollectionViewFlowLayout.swift */ = {isa = PBXFileReference; lastKnownFileType = sourcecode.swift; path = HomeCollectionViewFlowLayout.swift; sourceTree = "<group>"; };
		D696869B24C3892B00888D7B /* HomeCollectionViewDataSource.swift */ = {isa = PBXFileReference; lastKnownFileType = sourcecode.swift; path = HomeCollectionViewDataSource.swift; sourceTree = "<group>"; };
		D696869F24C3A49C00888D7B /* SquovalButton.swift */ = {isa = PBXFileReference; lastKnownFileType = sourcecode.swift; path = SquovalButton.swift; sourceTree = "<group>"; };
		D69686A124C4927600888D7B /* MonoLabel.swift */ = {isa = PBXFileReference; lastKnownFileType = sourcecode.swift; path = MonoLabel.swift; sourceTree = "<group>"; };
		D69686A324C4DCEE00888D7B /* Dictionary+TupleKey.swift */ = {isa = PBXFileReference; lastKnownFileType = sourcecode.swift; path = "Dictionary+TupleKey.swift"; sourceTree = "<group>"; };
		D69686A524C5E9B100888D7B /* HomeCollectionViewDelegate.swift */ = {isa = PBXFileReference; lastKnownFileType = sourcecode.swift; path = HomeCollectionViewDelegate.swift; sourceTree = "<group>"; };
		D69686A724C664AE00888D7B /* UILabel+HeightAndWidth.swift */ = {isa = PBXFileReference; lastKnownFileType = sourcecode.swift; path = "UILabel+HeightAndWidth.swift"; sourceTree = "<group>"; };
		D69686A924C6707200888D7B /* PuzzleLoader.swift */ = {isa = PBXFileReference; lastKnownFileType = sourcecode.swift; path = PuzzleLoader.swift; sourceTree = "<group>"; };
		D69686AE24C79B0400888D7B /* PuzzleData.swift */ = {isa = PBXFileReference; lastKnownFileType = sourcecode.swift; path = PuzzleData.swift; sourceTree = "<group>"; };
		D6FCA20724BF7A2F007E73EC /* Notification+Names.swift */ = {isa = PBXFileReference; lastKnownFileType = sourcecode.swift; path = "Notification+Names.swift"; sourceTree = "<group>"; };
		D6FCA20924BF7D0A007E73EC /* UIViewController+alert.swift */ = {isa = PBXFileReference; lastKnownFileType = sourcecode.swift; path = "UIViewController+alert.swift"; sourceTree = "<group>"; };
		D6FCA20B24BF842E007E73EC /* BackNavButton.swift */ = {isa = PBXFileReference; lastKnownFileType = sourcecode.swift; path = BackNavButton.swift; sourceTree = "<group>"; };
		D6FCA20D24BF84EE007E73EC /* UIViewController+setBackNavButton.swift */ = {isa = PBXFileReference; lastKnownFileType = sourcecode.swift; path = "UIViewController+setBackNavButton.swift"; sourceTree = "<group>"; };
/* End PBXFileReference section */

/* Begin PBXFrameworksBuildPhase section */
		D652C5A024911F99000FC445 /* Frameworks */ = {
			isa = PBXFrameworksBuildPhase;
			buildActionMask = 2147483647;
			files = (
			);
			runOnlyForDeploymentPostprocessing = 0;
		};
/* End PBXFrameworksBuildPhase section */

/* Begin PBXGroup section */
		D623179B24C096D0005F13F1 /* Extensions */ = {
			isa = PBXGroup;
			children = (
				D6FCA20924BF7D0A007E73EC /* UIViewController+alert.swift */,
				D6FCA20D24BF84EE007E73EC /* UIViewController+setBackNavButton.swift */,
				D623179924C08D39005F13F1 /* UIView+asImage.swift */,
				D623179C24C0972D005F13F1 /* UIView+addSubViews.swift */,
				D69686A724C664AE00888D7B /* UILabel+HeightAndWidth.swift */,
			);
			path = Extensions;
			sourceTree = "<group>";
		};
		D62849F72493E98C0053F7D6 /* Puzzle */ = {
			isa = PBXGroup;
			children = (
				D62849ED24927DF60053F7D6 /* PuzzleValidator.swift */,
				D62849F12492892F0053F7D6 /* PuzzleClues.swift */,
				D68C2BB024A2EC8000270031 /* PuzzleMaker.swift */,
				D69686A924C6707200888D7B /* PuzzleLoader.swift */,
				D69686AE24C79B0400888D7B /* PuzzleData.swift */,
			);
			path = Puzzle;
			sourceTree = "<group>";
		};
		D62849F82493E9E20053F7D6 /* Utils and Extensions */ = {
			isa = PBXGroup;
			children = (
				D62849F72493E98C0053F7D6 /* Puzzle */,
				D62849F52492F96E0053F7D6 /* Set+Toggle.swift */,
				D62849EF249286520053F7D6 /* FixedLengthArray.swift */,
				D6832B7A24A50BDB00DDC90D /* TextStyle.swift */,
				D631598A24BE3A7200CCCCC9 /* MutableCollection+MapInPlace.swift */,
				D6FCA20724BF7A2F007E73EC /* Notification+Names.swift */,
				D69686A324C4DCEE00888D7B /* Dictionary+TupleKey.swift */,
			);
			path = "Utils and Extensions";
			sourceTree = "<group>";
		};
		D62849F92493E9FD0053F7D6 /* UI */ = {
			isa = PBXGroup;
			children = (
				D68C2BB824A5054500270031 /* Custom Views and Extensions */,
				D696869024C22C1100888D7B /* Home */,
				D62849FA2493EA190053F7D6 /* Puzzle Game */,
				D6822FFA24A2DC41002764E8 /* Create Puzzle */,
				D6822FED249E62CE002764E8 /* Puzzle List */,
			);
			path = UI;
			sourceTree = "<group>";
		};
		D62849FA2493EA190053F7D6 /* Puzzle Game */ = {
			isa = PBXGroup;
			children = (
				D652C5AC24911F99000FC445 /* Puzzle.storyboard */,
				D652C5AA24911F99000FC445 /* PuzzleViewController.swift */,
			);
			path = "Puzzle Game";
			sourceTree = "<group>";
		};
		D652C59A24911F99000FC445 = {
			isa = PBXGroup;
			children = (
				D652C5A524911F99000FC445 /* Nonograms */,
				D652C5A424911F99000FC445 /* Products */,
			);
			sourceTree = "<group>";
		};
		D652C5A424911F99000FC445 /* Products */ = {
			isa = PBXGroup;
			children = (
				D652C5A324911F99000FC445 /* Paint a Pic.app */,
			);
			name = Products;
			sourceTree = "<group>";
		};
		D652C5A524911F99000FC445 /* Nonograms */ = {
			isa = PBXGroup;
			children = (
				D652C5A624911F99000FC445 /* AppDelegate.swift */,
				D652C5A824911F99000FC445 /* SceneDelegate.swift */,
				D62849F82493E9E20053F7D6 /* Utils and Extensions */,
				D62849F92493E9FD0053F7D6 /* UI */,
				D631598824BE22D600CCCCC9 /* puzzleData.json */,
				D652C5AF24911F9D000FC445 /* Assets.xcassets */,
				D652C5B124911F9D000FC445 /* LaunchScreen.storyboard */,
				D652C5B424911F9D000FC445 /* Info.plist */,
			);
			path = Nonograms;
			sourceTree = "<group>";
		};
		D6822FED249E62CE002764E8 /* Puzzle List */ = {
			isa = PBXGroup;
			children = (
				D6822FEB249E6016002764E8 /* PuzzleList.storyboard */,
				D6822FEF249E6325002764E8 /* PuzzleListViewController.swift */,
				D6822FF4249E64FE002764E8 /* PuzzleListCell.swift */,
				D6822FF2249E63DC002764E8 /* PuzzleListDataSource.swift */,
			);
			path = "Puzzle List";
			sourceTree = "<group>";
		};
		D6822FF1249E6330002764E8 /* Puzzle View */ = {
			isa = PBXGroup;
			children = (
				D652C5BA24911FCC000FC445 /* PuzzleView.swift */,
				D62849F32492AD510053F7D6 /* PuzzleSquare.swift */,
				D696869324C359E600888D7B /* PuzzleSquareFillState.swift */,
			);
			path = "Puzzle View";
			sourceTree = "<group>";
		};
		D6822FFA24A2DC41002764E8 /* Create Puzzle */ = {
			isa = PBXGroup;
			children = (
				D6822FF824A2D8F3002764E8 /* CreatePuzzle.storyboard */,
				D6822FFB24A2DC7C002764E8 /* CreatePuzzleViewController.swift */,
			);
			path = "Create Puzzle";
			sourceTree = "<group>";
		};
		D68C2BB824A5054500270031 /* Custom Views and Extensions */ = {
			isa = PBXGroup;
			children = (
				D623179B24C096D0005F13F1 /* Extensions */,
				D6822FF1249E6330002764E8 /* Puzzle View */,
				D68C2BB924A5056000270031 /* AccessibleLabel.swift */,
				D68C2BBB24A5085300270031 /* AccessibleButton.swift */,
				D6FCA20B24BF842E007E73EC /* BackNavButton.swift */,
				D696868D24C099C000888D7B /* UIStackView+convenienceInit.swift */,
				D696869F24C3A49C00888D7B /* SquovalButton.swift */,
				D69686A124C4927600888D7B /* MonoLabel.swift */,
			);
			path = "Custom Views and Extensions";
			sourceTree = "<group>";
		};
		D696869024C22C1100888D7B /* Home */ = {
			isa = PBXGroup;
			children = (
				D696869124C22C1E00888D7B /* Home.storyboard */,
				D696869524C383DC00888D7B /* HomeViewController.swift */,
				D696869724C3845D00888D7B /* HomeCollectionViewHeader.swift */,
				D696869924C3891D00888D7B /* HomeCollectionViewFlowLayout.swift */,
				D696869B24C3892B00888D7B /* HomeCollectionViewDataSource.swift */,
				D69686A524C5E9B100888D7B /* HomeCollectionViewDelegate.swift */,
			);
			path = Home;
			sourceTree = "<group>";
		};
/* End PBXGroup section */

/* Begin PBXNativeTarget section */
		D652C5A224911F99000FC445 /* Paint a Pic */ = {
			isa = PBXNativeTarget;
			buildConfigurationList = D652C5B724911F9D000FC445 /* Build configuration list for PBXNativeTarget "Paint a Pic" */;
			buildPhases = (
				D652C59F24911F99000FC445 /* Sources */,
				D652C5A024911F99000FC445 /* Frameworks */,
				D652C5A124911F99000FC445 /* Resources */,
			);
			buildRules = (
			);
			dependencies = (
			);
			name = "Paint a Pic";
			productName = Nonograms;
			productReference = D652C5A324911F99000FC445 /* Paint a Pic.app */;
			productType = "com.apple.product-type.application";
		};
/* End PBXNativeTarget section */

/* Begin PBXProject section */
		D652C59B24911F99000FC445 /* Project object */ = {
			isa = PBXProject;
			attributes = {
				LastSwiftUpdateCheck = 1140;
				LastUpgradeCheck = 1140;
				ORGANIZATIONNAME = "Samantha Gatt";
				TargetAttributes = {
					D652C5A224911F99000FC445 = {
						CreatedOnToolsVersion = 11.4.1;
					};
				};
			};
			buildConfigurationList = D652C59E24911F99000FC445 /* Build configuration list for PBXProject "Paint a Pic" */;
			compatibilityVersion = "Xcode 9.3";
			developmentRegion = en;
			hasScannedForEncodings = 0;
			knownRegions = (
				en,
				Base,
			);
			mainGroup = D652C59A24911F99000FC445;
			productRefGroup = D652C5A424911F99000FC445 /* Products */;
			projectDirPath = "";
			projectRoot = "";
			targets = (
				D652C5A224911F99000FC445 /* Paint a Pic */,
			);
		};
/* End PBXProject section */

/* Begin PBXResourcesBuildPhase section */
		D652C5A124911F99000FC445 /* Resources */ = {
			isa = PBXResourcesBuildPhase;
			buildActionMask = 2147483647;
			files = (
				D696869224C22C1E00888D7B /* Home.storyboard in Resources */,
				D6822FEC249E6016002764E8 /* PuzzleList.storyboard in Resources */,
				D631598924BE22D600CCCCC9 /* puzzleData.json in Resources */,
				D652C5B324911F9D000FC445 /* LaunchScreen.storyboard in Resources */,
				D652C5B024911F9D000FC445 /* Assets.xcassets in Resources */,
				D6822FF924A2D8F3002764E8 /* CreatePuzzle.storyboard in Resources */,
				D652C5AE24911F99000FC445 /* Puzzle.storyboard in Resources */,
			);
			runOnlyForDeploymentPostprocessing = 0;
		};
/* End PBXResourcesBuildPhase section */

/* Begin PBXSourcesBuildPhase section */
		D652C59F24911F99000FC445 /* Sources */ = {
			isa = PBXSourcesBuildPhase;
			buildActionMask = 2147483647;
			files = (
				D62849F42492AD510053F7D6 /* PuzzleSquare.swift in Sources */,
				D696868E24C099C000888D7B /* UIStackView+convenienceInit.swift in Sources */,
				D69686AF24C79B0400888D7B /* PuzzleData.swift in Sources */,
				D62849EE24927DF60053F7D6 /* PuzzleValidator.swift in Sources */,
				D696869A24C3891D00888D7B /* HomeCollectionViewFlowLayout.swift in Sources */,
				D696869424C359E600888D7B /* PuzzleSquareFillState.swift in Sources */,
				D652C5BB24911FCC000FC445 /* PuzzleView.swift in Sources */,
				D69686A224C4927600888D7B /* MonoLabel.swift in Sources */,
				D652C5AB24911F99000FC445 /* PuzzleViewController.swift in Sources */,
				D6832B7B24A50BDB00DDC90D /* TextStyle.swift in Sources */,
				D6822FF0249E6325002764E8 /* PuzzleListViewController.swift in Sources */,
				D623179A24C08D39005F13F1 /* UIView+asImage.swift in Sources */,
				D652C5A724911F99000FC445 /* AppDelegate.swift in Sources */,
				D696869824C3845D00888D7B /* HomeCollectionViewHeader.swift in Sources */,
				D623179D24C0972D005F13F1 /* UIView+addSubViews.swift in Sources */,
				D6822FF3249E63DC002764E8 /* PuzzleListDataSource.swift in Sources */,
				D631598B24BE3A7200CCCCC9 /* MutableCollection+MapInPlace.swift in Sources */,
				D69686A424C4DCEE00888D7B /* Dictionary+TupleKey.swift in Sources */,
				D62849F0249286520053F7D6 /* FixedLengthArray.swift in Sources */,
				D696869624C383DD00888D7B /* HomeViewController.swift in Sources */,
				D68C2BBA24A5056000270031 /* AccessibleLabel.swift in Sources */,
				D69686A024C3A49C00888D7B /* SquovalButton.swift in Sources */,
				D68C2BB124A2EC8000270031 /* PuzzleMaker.swift in Sources */,
				D652C5A924911F99000FC445 /* SceneDelegate.swift in Sources */,
				D696869C24C3892B00888D7B /* HomeCollectionViewDataSource.swift in Sources */,
				D6FCA20E24BF84EE007E73EC /* UIViewController+setBackNavButton.swift in Sources */,
				D68C2BBC24A5085300270031 /* AccessibleButton.swift in Sources */,
				D69686AA24C6707300888D7B /* PuzzleLoader.swift in Sources */,
				D69686A824C664AF00888D7B /* UILabel+HeightAndWidth.swift in Sources */,
				D69686A624C5E9B100888D7B /* HomeCollectionViewDelegate.swift in Sources */,
				D6822FF5249E64FE002764E8 /* PuzzleListCell.swift in Sources */,
				D6FCA20A24BF7D0A007E73EC /* UIViewController+alert.swift in Sources */,
				D62849F22492892F0053F7D6 /* PuzzleClues.swift in Sources */,
				D6FCA20824BF7A2F007E73EC /* Notification+Names.swift in Sources */,
				D6FCA20C24BF842E007E73EC /* BackNavButton.swift in Sources */,
				D6822FFC24A2DC7C002764E8 /* CreatePuzzleViewController.swift in Sources */,
				D62849F62492F96E0053F7D6 /* Set+Toggle.swift in Sources */,
			);
			runOnlyForDeploymentPostprocessing = 0;
		};
/* End PBXSourcesBuildPhase section */

/* Begin PBXVariantGroup section */
		D652C5AC24911F99000FC445 /* Puzzle.storyboard */ = {
			isa = PBXVariantGroup;
			children = (
				D652C5AD24911F99000FC445 /* Base */,
			);
			name = Puzzle.storyboard;
			sourceTree = "<group>";
		};
		D652C5B124911F9D000FC445 /* LaunchScreen.storyboard */ = {
			isa = PBXVariantGroup;
			children = (
				D652C5B224911F9D000FC445 /* Base */,
			);
			name = LaunchScreen.storyboard;
			sourceTree = "<group>";
		};
/* End PBXVariantGroup section */

/* Begin XCBuildConfiguration section */
		D652C5B524911F9D000FC445 /* Debug */ = {
			isa = XCBuildConfiguration;
			buildSettings = {
				ALWAYS_SEARCH_USER_PATHS = NO;
				CLANG_ANALYZER_NONNULL = YES;
				CLANG_ANALYZER_NUMBER_OBJECT_CONVERSION = YES_AGGRESSIVE;
				CLANG_CXX_LANGUAGE_STANDARD = "gnu++14";
				CLANG_CXX_LIBRARY = "libc++";
				CLANG_ENABLE_MODULES = YES;
				CLANG_ENABLE_OBJC_ARC = YES;
				CLANG_ENABLE_OBJC_WEAK = YES;
				CLANG_WARN_BLOCK_CAPTURE_AUTORELEASING = YES;
				CLANG_WARN_BOOL_CONVERSION = YES;
				CLANG_WARN_COMMA = YES;
				CLANG_WARN_CONSTANT_CONVERSION = YES;
				CLANG_WARN_DEPRECATED_OBJC_IMPLEMENTATIONS = YES;
				CLANG_WARN_DIRECT_OBJC_ISA_USAGE = YES_ERROR;
				CLANG_WARN_DOCUMENTATION_COMMENTS = YES;
				CLANG_WARN_EMPTY_BODY = YES;
				CLANG_WARN_ENUM_CONVERSION = YES;
				CLANG_WARN_INFINITE_RECURSION = YES;
				CLANG_WARN_INT_CONVERSION = YES;
				CLANG_WARN_NON_LITERAL_NULL_CONVERSION = YES;
				CLANG_WARN_OBJC_IMPLICIT_RETAIN_SELF = YES;
				CLANG_WARN_OBJC_LITERAL_CONVERSION = YES;
				CLANG_WARN_OBJC_ROOT_CLASS = YES_ERROR;
				CLANG_WARN_RANGE_LOOP_ANALYSIS = YES;
				CLANG_WARN_STRICT_PROTOTYPES = YES;
				CLANG_WARN_SUSPICIOUS_MOVE = YES;
				CLANG_WARN_UNGUARDED_AVAILABILITY = YES_AGGRESSIVE;
				CLANG_WARN_UNREACHABLE_CODE = YES;
				CLANG_WARN__DUPLICATE_METHOD_MATCH = YES;
				COPY_PHASE_STRIP = NO;
				DEBUG_INFORMATION_FORMAT = dwarf;
				ENABLE_STRICT_OBJC_MSGSEND = YES;
				ENABLE_TESTABILITY = YES;
				GCC_C_LANGUAGE_STANDARD = gnu11;
				GCC_DYNAMIC_NO_PIC = NO;
				GCC_NO_COMMON_BLOCKS = YES;
				GCC_OPTIMIZATION_LEVEL = 0;
				GCC_PREPROCESSOR_DEFINITIONS = (
					"DEBUG=1",
					"$(inherited)",
				);
				GCC_WARN_64_TO_32_BIT_CONVERSION = YES;
				GCC_WARN_ABOUT_RETURN_TYPE = YES_ERROR;
				GCC_WARN_UNDECLARED_SELECTOR = YES;
				GCC_WARN_UNINITIALIZED_AUTOS = YES_AGGRESSIVE;
				GCC_WARN_UNUSED_FUNCTION = YES;
				GCC_WARN_UNUSED_VARIABLE = YES;
				IPHONEOS_DEPLOYMENT_TARGET = 13.4;
				MTL_ENABLE_DEBUG_INFO = INCLUDE_SOURCE;
				MTL_FAST_MATH = YES;
				ONLY_ACTIVE_ARCH = YES;
				SDKROOT = iphoneos;
				SWIFT_ACTIVE_COMPILATION_CONDITIONS = DEBUG;
				SWIFT_OPTIMIZATION_LEVEL = "-Onone";
			};
			name = Debug;
		};
		D652C5B624911F9D000FC445 /* Release */ = {
			isa = XCBuildConfiguration;
			buildSettings = {
				ALWAYS_SEARCH_USER_PATHS = NO;
				CLANG_ANALYZER_NONNULL = YES;
				CLANG_ANALYZER_NUMBER_OBJECT_CONVERSION = YES_AGGRESSIVE;
				CLANG_CXX_LANGUAGE_STANDARD = "gnu++14";
				CLANG_CXX_LIBRARY = "libc++";
				CLANG_ENABLE_MODULES = YES;
				CLANG_ENABLE_OBJC_ARC = YES;
				CLANG_ENABLE_OBJC_WEAK = YES;
				CLANG_WARN_BLOCK_CAPTURE_AUTORELEASING = YES;
				CLANG_WARN_BOOL_CONVERSION = YES;
				CLANG_WARN_COMMA = YES;
				CLANG_WARN_CONSTANT_CONVERSION = YES;
				CLANG_WARN_DEPRECATED_OBJC_IMPLEMENTATIONS = YES;
				CLANG_WARN_DIRECT_OBJC_ISA_USAGE = YES_ERROR;
				CLANG_WARN_DOCUMENTATION_COMMENTS = YES;
				CLANG_WARN_EMPTY_BODY = YES;
				CLANG_WARN_ENUM_CONVERSION = YES;
				CLANG_WARN_INFINITE_RECURSION = YES;
				CLANG_WARN_INT_CONVERSION = YES;
				CLANG_WARN_NON_LITERAL_NULL_CONVERSION = YES;
				CLANG_WARN_OBJC_IMPLICIT_RETAIN_SELF = YES;
				CLANG_WARN_OBJC_LITERAL_CONVERSION = YES;
				CLANG_WARN_OBJC_ROOT_CLASS = YES_ERROR;
				CLANG_WARN_RANGE_LOOP_ANALYSIS = YES;
				CLANG_WARN_STRICT_PROTOTYPES = YES;
				CLANG_WARN_SUSPICIOUS_MOVE = YES;
				CLANG_WARN_UNGUARDED_AVAILABILITY = YES_AGGRESSIVE;
				CLANG_WARN_UNREACHABLE_CODE = YES;
				CLANG_WARN__DUPLICATE_METHOD_MATCH = YES;
				COPY_PHASE_STRIP = NO;
				DEBUG_INFORMATION_FORMAT = "dwarf-with-dsym";
				ENABLE_NS_ASSERTIONS = NO;
				ENABLE_STRICT_OBJC_MSGSEND = YES;
				GCC_C_LANGUAGE_STANDARD = gnu11;
				GCC_NO_COMMON_BLOCKS = YES;
				GCC_WARN_64_TO_32_BIT_CONVERSION = YES;
				GCC_WARN_ABOUT_RETURN_TYPE = YES_ERROR;
				GCC_WARN_UNDECLARED_SELECTOR = YES;
				GCC_WARN_UNINITIALIZED_AUTOS = YES_AGGRESSIVE;
				GCC_WARN_UNUSED_FUNCTION = YES;
				GCC_WARN_UNUSED_VARIABLE = YES;
				IPHONEOS_DEPLOYMENT_TARGET = 13.4;
				MTL_ENABLE_DEBUG_INFO = NO;
				MTL_FAST_MATH = YES;
				SDKROOT = iphoneos;
				SWIFT_COMPILATION_MODE = wholemodule;
				SWIFT_OPTIMIZATION_LEVEL = "-O";
				VALIDATE_PRODUCT = YES;
			};
			name = Release;
		};
		D652C5B824911F9D000FC445 /* Debug */ = {
			isa = XCBuildConfiguration;
			buildSettings = {
				ASSETCATALOG_COMPILER_APPICON_NAME = AppIcon;
				CODE_SIGN_STYLE = Automatic;
				DEVELOPMENT_TEAM = 84AK8SAYG2;
				INFOPLIST_FILE = Nonograms/Info.plist;
				LD_RUNPATH_SEARCH_PATHS = (
					"$(inherited)",
					"@executable_path/Frameworks",
				);
				PRODUCT_BUNDLE_IDENTIFIER = com.samanthagatt.nonograms;
				PRODUCT_NAME = "Paint a Pic";
				SWIFT_VERSION = 5.0;
				TARGETED_DEVICE_FAMILY = "1,2";
			};
			name = Debug;
		};
		D652C5B924911F9D000FC445 /* Release */ = {
			isa = XCBuildConfiguration;
			buildSettings = {
				ASSETCATALOG_COMPILER_APPICON_NAME = AppIcon;
				CODE_SIGN_STYLE = Automatic;
				DEVELOPMENT_TEAM = 84AK8SAYG2;
				INFOPLIST_FILE = Nonograms/Info.plist;
				LD_RUNPATH_SEARCH_PATHS = (
					"$(inherited)",
					"@executable_path/Frameworks",
				);
				PRODUCT_BUNDLE_IDENTIFIER = com.samanthagatt.nonograms;
				PRODUCT_NAME = "Paint a Pic";
				SWIFT_VERSION = 5.0;
				TARGETED_DEVICE_FAMILY = "1,2";
			};
			name = Release;
		};
/* End XCBuildConfiguration section */

/* Begin XCConfigurationList section */
		D652C59E24911F99000FC445 /* Build configuration list for PBXProject "Paint a Pic" */ = {
			isa = XCConfigurationList;
			buildConfigurations = (
				D652C5B524911F9D000FC445 /* Debug */,
				D652C5B624911F9D000FC445 /* Release */,
			);
			defaultConfigurationIsVisible = 0;
			defaultConfigurationName = Release;
		};
		D652C5B724911F9D000FC445 /* Build configuration list for PBXNativeTarget "Paint a Pic" */ = {
			isa = XCConfigurationList;
			buildConfigurations = (
				D652C5B824911F9D000FC445 /* Debug */,
				D652C5B924911F9D000FC445 /* Release */,
			);
			defaultConfigurationIsVisible = 0;
			defaultConfigurationName = Release;
		};
/* End XCConfigurationList section */
	};
	rootObject = D652C59B24911F99000FC445 /* Project object */;
}
